{
  "version": 4,
  "terraform_version": "0.12.20",
  "serial": 14,
  "lineage": "fc4906d4-2924-38ac-4b6d-a569c418e537",
  "outputs": {
    "kubeone_api": {
      "value": {
        "endpoint": ""
      },
      "type": [
        "object",
        {
          "endpoint": "string"
        }
      ]
    },
    "kubeone_hosts": {
      "value": {
        "control_plane": {
          "cloud_provider": "azure",
          "cluster_name": "udacity-cluster",
          "hostnames": [
            "udacity-cluster-cp-0",
            "udacity-cluster-cp-1",
            "udacity-cluster-cp-2"
          ],
          "private_address": [
            "172.16.1.4",
            null
          ],
          "public_address": [
            "52.166.201.13"
          ],
          "ssh_agent_socket": "env:SSH_AUTH_SOCK",
          "ssh_port": 22,
          "ssh_private_key_file": "",
          "ssh_user": "ubuntu"
        }
      },
      "type": [
        "object",
        {
          "control_plane": [
            "object",
            {
              "cloud_provider": "string",
              "cluster_name": "string",
              "hostnames": [
                "list",
                "string"
              ],
              "private_address": [
                "tuple",
                [
                  "string",
                  "string"
                ]
              ],
              "public_address": [
                "tuple",
                [
                  "string"
                ]
              ],
              "ssh_agent_socket": "string",
              "ssh_port": "number",
              "ssh_private_key_file": "string",
              "ssh_user": "string"
            }
          ]
        }
      ]
    },
    "kubeone_workers": {
      "value": {
        "udacity-cluster-pool1": {
          "providerSpec": {
            "cloudProviderSpec": {
              "assignPublicIP": true,
              "availabilitySet": "udacity-cluster-avset",
              "location": "westeurope",
              "resourceGroup": "udacity-cluster-rg",
              "routeTableName": "",
              "securityGroupName": "udacity-cluster-sg",
              "subnetName": "udacity-cluster-subnet",
              "tags": {
                "udacity-cluster-workers": "pool1"
              },
              "vmSize": "Standard_B2s",
              "vnetName": "udacity-cluster-vpc"
            },
            "operatingSystem": "ubuntu",
            "operatingSystemSpec": {
              "distUpgradeOnBoot": false
            },
            "sshPublicKeys": [
              "ssh-rsa AAAAB3NzaC1yc2EAAAADAQABAAABgQCs9vvi+mIanyiAM3XT2Wn+sUYgPWekFHdjlQb2Wh+V+qt1bHf+Kmamoy038D1pkRvIGWVvI+xeNkaZtA456JXiTXutzwOE1XX9dGqWN0BpOThyA7sSGe4UVzGvGLa01UksuDxN4R9gg5ydWjuT0EosT8S+5rVQ1d4u8BwkTluea770PHwHMngFzs40jrJoN3dY5p4Bgu7hEaVeN7cE8Zm3HqF5fQCIjxuYp9cmIgJu+N3GJdZLEtyGANDZpBUVywnum52Qlb8kj4MN7hSum7uL7daU0Ok7jZj53NHIb/tcArare9vVSorQRdCx15n+qSkReRmxneUe5S9Ikge9DlxMpErj39iUVbVmtqgCsIv3/DBAvARiGLW/3nFHisgXvdfUXfFHDk1/WRK3ilprYGdDhWa6v8zm4ogKbd4JGoYvkZ8HxbO63w0yhYpUizXTb8PT+mWpENcFC+9oqkvnnlbtWoEew9BXZD45lNlaTPI1Dv5qLUpxcxx9GUxVZE320U0= andy@ubuntukor\n"
            ]
          },
          "replicas": 1
        }
      },
      "type": [
        "object",
        {
          "udacity-cluster-pool1": [
            "object",
            {
              "providerSpec": [
                "object",
                {
                  "cloudProviderSpec": [
                    "object",
                    {
                      "assignPublicIP": "bool",
                      "availabilitySet": "string",
                      "location": "string",
                      "resourceGroup": "string",
                      "routeTableName": "string",
                      "securityGroupName": "string",
                      "subnetName": "string",
                      "tags": [
                        "object",
                        {
                          "udacity-cluster-workers": "string"
                        }
                      ],
                      "vmSize": "string",
                      "vnetName": "string"
                    }
                  ],
                  "operatingSystem": "string",
                  "operatingSystemSpec": [
                    "object",
                    {
                      "distUpgradeOnBoot": "bool"
                    }
                  ],
                  "sshPublicKeys": [
                    "tuple",
                    [
                      "string"
                    ]
                  ]
                }
              ],
              "replicas": "number"
            }
          ]
        }
      ]
    }
  },
  "resources": [
    {
      "mode": "managed",
      "type": "azurerm_availability_set",
      "name": "avset",
      "provider": "provider.azurerm",
      "instances": [
        {
          "schema_version": 0,
          "attributes": {
            "id": "/subscriptions/553adfee-190f-4fb5-b074-bda108fcfe66/resourceGroups/udacity-cluster-rg/providers/Microsoft.Compute/availabilitySets/udacity-cluster-avset",
            "location": "westeurope",
            "managed": true,
            "name": "udacity-cluster-avset",
            "platform_fault_domain_count": 2,
            "platform_update_domain_count": 2,
            "proximity_placement_group_id": null,
            "resource_group_name": "udacity-cluster-rg",
            "tags": {
              "cluster": "udacity-cluster",
              "environment": "kubeone"
            }
          },
          "private": "bnVsbA==",
          "dependencies": [
            "azurerm_resource_group.rg"
          ]
        }
      ]
    },
    {
      "mode": "managed",
      "type": "azurerm_lb",
      "name": "lb",
      "provider": "provider.azurerm",
      "instances": [
        {
          "schema_version": 0,
          "attributes": {
            "frontend_ip_configuration": [
              {
                "id": "/subscriptions/553adfee-190f-4fb5-b074-bda108fcfe66/resourceGroups/udacity-cluster-rg/providers/Microsoft.Network/loadBalancers/kubernetes/frontendIPConfigurations/KubeApi",
                "inbound_nat_rules": [],
                "load_balancer_rules": [
                  "/subscriptions/553adfee-190f-4fb5-b074-bda108fcfe66/resourceGroups/udacity-cluster-rg/providers/Microsoft.Network/loadBalancers/kubernetes/loadBalancingRules/LBRule"
                ],
                "name": "KubeApi",
                "outbound_rules": [],
                "private_ip_address": "",
                "private_ip_address_allocation": "Dynamic",
                "public_ip_address_id": "/subscriptions/553adfee-190f-4fb5-b074-bda108fcfe66/resourceGroups/udacity-cluster-rg/providers/Microsoft.Network/publicIPAddresses/udacity-cluster-lbip",
                "public_ip_prefix_id": "",
                "subnet_id": "",
                "zones": []
              }
            ],
            "id": "/subscriptions/553adfee-190f-4fb5-b074-bda108fcfe66/resourceGroups/udacity-cluster-rg/providers/Microsoft.Network/loadBalancers/kubernetes",
            "location": "westeurope",
            "name": "kubernetes",
            "private_ip_address": "",
            "private_ip_addresses": [],
            "resource_group_name": "udacity-cluster-rg",
            "sku": "Basic",
            "tags": {
              "cluster": "udacity-cluster",
              "environment": "kubeone"
            }
          },
          "private": "bnVsbA==",
          "dependencies": [
            "azurerm_public_ip.lbip",
            "azurerm_resource_group.rg"
          ]
        }
      ]
    },
    {
      "mode": "managed",
      "type": "azurerm_lb_backend_address_pool",
      "name": "backend_pool",
      "provider": "provider.azurerm",
      "instances": [
        {
          "schema_version": 0,
          "attributes": {
            "backend_ip_configurations": [
              "/subscriptions/553adfee-190f-4fb5-b074-bda108fcfe66/resourceGroups/udacity-cluster-rg/providers/Microsoft.Network/networkInterfaces/udacity-cluster-cp-0/ipConfigurations/udacity-cluster-cp-0"
            ],
            "id": "/subscriptions/553adfee-190f-4fb5-b074-bda108fcfe66/resourceGroups/udacity-cluster-rg/providers/Microsoft.Network/loadBalancers/kubernetes/backendAddressPools/ApiServers",
            "load_balancing_rules": [
              "/subscriptions/553adfee-190f-4fb5-b074-bda108fcfe66/resourceGroups/udacity-cluster-rg/providers/Microsoft.Network/loadBalancers/kubernetes/loadBalancingRules/LBRule"
            ],
            "loadbalancer_id": "/subscriptions/553adfee-190f-4fb5-b074-bda108fcfe66/resourceGroups/udacity-cluster-rg/providers/Microsoft.Network/loadBalancers/kubernetes",
            "location": null,
            "name": "ApiServers",
            "resource_group_name": "udacity-cluster-rg"
          },
          "private": "bnVsbA==",
          "dependencies": [
            "azurerm_lb.lb",
            "azurerm_public_ip.lbip",
            "azurerm_resource_group.rg"
          ]
        }
      ]
    },
    {
      "mode": "managed",
      "type": "azurerm_lb_probe",
      "name": "lb_probe",
      "provider": "provider.azurerm",
      "instances": [
        {
          "schema_version": 0,
          "attributes": {
            "id": "/subscriptions/553adfee-190f-4fb5-b074-bda108fcfe66/resourceGroups/udacity-cluster-rg/providers/Microsoft.Network/loadBalancers/kubernetes/probes/tcpProbe",
            "interval_in_seconds": 5,
            "load_balancer_rules": [
              "/subscriptions/553adfee-190f-4fb5-b074-bda108fcfe66/resourceGroups/udacity-cluster-rg/providers/Microsoft.Network/loadBalancers/kubernetes/loadBalancingRules/LBRule"
            ],
            "loadbalancer_id": "/subscriptions/553adfee-190f-4fb5-b074-bda108fcfe66/resourceGroups/udacity-cluster-rg/providers/Microsoft.Network/loadBalancers/kubernetes",
            "location": null,
            "name": "tcpProbe",
            "number_of_probes": 2,
            "port": 6443,
            "protocol": "Tcp",
            "request_path": "",
            "resource_group_name": "udacity-cluster-rg"
          },
          "private": "bnVsbA==",
          "dependencies": [
            "azurerm_lb.lb",
            "azurerm_public_ip.lbip",
            "azurerm_resource_group.rg"
          ]
        }
      ]
    },
    {
      "mode": "managed",
      "type": "azurerm_network_interface",
      "name": "control_plane",
      "each": "list",
      "provider": "provider.azurerm",
      "instances": [
        {
          "index_key": 0,
          "schema_version": 0,
          "attributes": {
            "applied_dns_servers": [],
            "dns_servers": [],
            "enable_accelerated_networking": false,
            "enable_ip_forwarding": false,
            "id": "/subscriptions/553adfee-190f-4fb5-b074-bda108fcfe66/resourceGroups/udacity-cluster-rg/providers/Microsoft.Network/networkInterfaces/udacity-cluster-cp-0",
            "internal_dns_name_label": "",
            "internal_fqdn": "",
            "ip_configuration": [
              {
                "application_gateway_backend_address_pools_ids": [],
                "application_security_group_ids": [],
                "load_balancer_backend_address_pools_ids": [
                  "/subscriptions/553adfee-190f-4fb5-b074-bda108fcfe66/resourceGroups/udacity-cluster-rg/providers/Microsoft.Network/loadBalancers/kubernetes/backendAddressPools/ApiServers"
                ],
                "load_balancer_inbound_nat_rules_ids": [],
                "name": "udacity-cluster-cp-0",
                "primary": true,
                "private_ip_address": "172.16.1.4",
                "private_ip_address_allocation": "dynamic",
                "private_ip_address_version": "IPv4",
                "public_ip_address_id": "/subscriptions/553adfee-190f-4fb5-b074-bda108fcfe66/resourceGroups/udacity-cluster-rg/providers/Microsoft.Network/publicIPAddresses/udacity-cluster-cp-0",
                "subnet_id": "/subscriptions/553adfee-190f-4fb5-b074-bda108fcfe66/resourceGroups/udacity-cluster-rg/providers/Microsoft.Network/virtualNetworks/udacity-cluster-vpc/subnets/udacity-cluster-subnet"
              }
            ],
            "location": "westeurope",
            "mac_address": "00-0D-3A-BB-27-D4",
            "name": "udacity-cluster-cp-0",
            "network_security_group_id": "",
            "private_ip_address": "172.16.1.4",
            "private_ip_addresses": [
              "172.16.1.4"
            ],
            "resource_group_name": "udacity-cluster-rg",
            "tags": {},
            "virtual_machine_id": "/subscriptions/553adfee-190f-4fb5-b074-bda108fcfe66/resourceGroups/udacity-cluster-rg/providers/Microsoft.Compute/virtualMachines/udacity-cluster-cp-1"
          },
          "private": "bnVsbA==",
          "dependencies": [
            "azurerm_public_ip.control_plane",
            "azurerm_resource_group.rg",
            "azurerm_subnet.subnet",
            "azurerm_virtual_network.vpc"
          ]
        }
      ]
    },
    {
      "mode": "managed",
      "type": "azurerm_network_interface_backend_address_pool_association",
      "name": "control_plane",
      "each": "list",
      "provider": "provider.azurerm",
      "instances": [
        {
          "index_key": 0,
          "schema_version": 0,
          "attributes": {
            "backend_address_pool_id": "/subscriptions/553adfee-190f-4fb5-b074-bda108fcfe66/resourceGroups/udacity-cluster-rg/providers/Microsoft.Network/loadBalancers/kubernetes/backendAddressPools/ApiServers",
            "id": "/subscriptions/553adfee-190f-4fb5-b074-bda108fcfe66/resourceGroups/udacity-cluster-rg/providers/Microsoft.Network/networkInterfaces/udacity-cluster-cp-0/ipConfigurations/udacity-cluster-cp-0|/subscriptions/553adfee-190f-4fb5-b074-bda108fcfe66/resourceGroups/udacity-cluster-rg/providers/Microsoft.Network/loadBalancers/kubernetes/backendAddressPools/ApiServers",
            "ip_configuration_name": "udacity-cluster-cp-0",
            "network_interface_id": "/subscriptions/553adfee-190f-4fb5-b074-bda108fcfe66/resourceGroups/udacity-cluster-rg/providers/Microsoft.Network/networkInterfaces/udacity-cluster-cp-0"
          },
          "private": "bnVsbA==",
          "dependencies": [
            "azurerm_lb.lb",
            "azurerm_lb_backend_address_pool.backend_pool",
            "azurerm_network_interface.control_plane",
            "azurerm_public_ip.control_plane",
            "azurerm_public_ip.lbip",
            "azurerm_resource_group.rg",
            "azurerm_subnet.subnet",
            "azurerm_virtual_network.vpc"
          ]
        }
      ]
    },
    {
      "mode": "managed",
      "type": "azurerm_network_security_group",
      "name": "sg",
      "provider": "provider.azurerm",
      "instances": [
        {
          "schema_version": 0,
          "attributes": {
            "id": "/subscriptions/553adfee-190f-4fb5-b074-bda108fcfe66/resourceGroups/udacity-cluster-rg/providers/Microsoft.Network/networkSecurityGroups/udacity-cluster-sg",
            "location": "westeurope",
            "name": "udacity-cluster-sg",
            "resource_group_name": "udacity-cluster-rg",
            "security_rule": [
              {
                "access": "Allow",
                "description": "",
                "destination_address_prefix": "*",
                "destination_address_prefixes": [],
                "destination_application_security_group_ids": [],
                "destination_port_range": "22",
                "destination_port_ranges": [],
                "direction": "Inbound",
                "name": "SSH",
                "priority": 1001,
                "protocol": "Tcp",
                "source_address_prefix": "*",
                "source_address_prefixes": [],
                "source_application_security_group_ids": [],
                "source_port_range": "*",
                "source_port_ranges": []
              }
            ],
            "tags": {
              "cluster": "udacity-cluster",
              "environment": "kubeone"
            }
          },
          "private": "bnVsbA==",
          "dependencies": [
            "azurerm_resource_group.rg"
          ]
        }
      ]
    },
    {
      "mode": "managed",
      "type": "azurerm_public_ip",
      "name": "control_plane",
      "each": "list",
      "provider": "provider.azurerm",
      "instances": [
        {
          "index_key": 0,
          "schema_version": 0,
          "attributes": {
            "allocation_method": "Dynamic",
            "domain_name_label": null,
            "fqdn": null,
            "id": "/subscriptions/553adfee-190f-4fb5-b074-bda108fcfe66/resourceGroups/udacity-cluster-rg/providers/Microsoft.Network/publicIPAddresses/udacity-cluster-cp-0",
            "idle_timeout_in_minutes": 4,
            "ip_address": "52.166.201.13",
            "ip_version": "IPv4",
            "location": "westeurope",
            "name": "udacity-cluster-cp-0",
            "public_ip_address_allocation": "Dynamic",
            "public_ip_prefix_id": null,
            "resource_group_name": "udacity-cluster-rg",
            "reverse_fqdn": null,
            "sku": "Basic",
            "tags": {
              "cluster": "udacity-cluster",
              "environment": "kubeone"
            },
            "zones": []
          },
          "private": "bnVsbA==",
          "dependencies": [
            "azurerm_resource_group.rg"
          ]
        }
      ]
    },
    {
      "mode": "managed",
      "type": "azurerm_public_ip",
      "name": "lbip",
      "provider": "provider.azurerm",
      "instances": [
        {
          "schema_version": 0,
          "attributes": {
            "allocation_method": "Dynamic",
            "domain_name_label": null,
            "fqdn": null,
            "id": "/subscriptions/553adfee-190f-4fb5-b074-bda108fcfe66/resourceGroups/udacity-cluster-rg/providers/Microsoft.Network/publicIPAddresses/udacity-cluster-lbip",
            "idle_timeout_in_minutes": 4,
            "ip_address": "",
            "ip_version": "IPv4",
            "location": "westeurope",
            "name": "udacity-cluster-lbip",
            "public_ip_address_allocation": "Dynamic",
            "public_ip_prefix_id": null,
            "resource_group_name": "udacity-cluster-rg",
            "reverse_fqdn": null,
            "sku": "Basic",
            "tags": {
              "cluster": "udacity-cluster",
              "environment": "kubeone"
            },
            "zones": []
          },
          "private": "bnVsbA==",
          "dependencies": [
            "azurerm_resource_group.rg"
          ]
        }
      ]
    },
    {
      "mode": "managed",
      "type": "azurerm_resource_group",
      "name": "rg",
      "provider": "provider.azurerm",
      "instances": [
        {
          "schema_version": 0,
          "attributes": {
            "id": "/subscriptions/553adfee-190f-4fb5-b074-bda108fcfe66/resourceGroups/udacity-cluster-rg",
            "location": "westeurope",
            "name": "udacity-cluster-rg",
            "tags": {
              "cluster": "udacity-cluster",
              "environment": "kubeone"
            }
          },
          "private": "bnVsbA=="
        }
      ]
    },
    {
      "mode": "managed",
      "type": "azurerm_subnet",
      "name": "subnet",
      "provider": "provider.azurerm",
      "instances": [
        {
          "schema_version": 0,
          "attributes": {
            "address_prefix": "172.16.1.0/24",
            "delegation": [],
            "enforce_private_link_endpoint_network_policies": false,
            "enforce_private_link_service_network_policies": false,
            "id": "/subscriptions/553adfee-190f-4fb5-b074-bda108fcfe66/resourceGroups/udacity-cluster-rg/providers/Microsoft.Network/virtualNetworks/udacity-cluster-vpc/subnets/udacity-cluster-subnet",
            "ip_configurations": [
              "/subscriptions/553adfee-190f-4fb5-b074-bda108fcfe66/resourceGroups/udacity-cluster-rg/providers/Microsoft.Network/networkInterfaces/udacity-cluster-cp-0/ipConfigurations/udacity-cluster-cp-0"
            ],
            "name": "udacity-cluster-subnet",
            "network_security_group_id": "",
            "resource_group_name": "udacity-cluster-rg",
            "route_table_id": "",
            "service_endpoints": [],
            "virtual_network_name": "udacity-cluster-vpc"
          },
          "private": "bnVsbA==",
          "dependencies": [
            "azurerm_resource_group.rg",
            "azurerm_virtual_network.vpc"
          ]
        }
      ]
    },
    {
      "mode": "managed",
      "type": "azurerm_virtual_machine",
      "name": "control_plane",
      "each": "list",
      "provider": "provider.azurerm",
      "instances": []
    },
    {
      "mode": "managed",
      "type": "azurerm_virtual_network",
      "name": "vpc",
      "provider": "provider.azurerm",
      "instances": [
        {
          "schema_version": 0,
          "attributes": {
            "address_space": [
              "172.16.0.0/12"
            ],
            "ddos_protection_plan": [],
            "dns_servers": [],
            "id": "/subscriptions/553adfee-190f-4fb5-b074-bda108fcfe66/resourceGroups/udacity-cluster-rg/providers/Microsoft.Network/virtualNetworks/udacity-cluster-vpc",
            "location": "westeurope",
            "name": "udacity-cluster-vpc",
            "resource_group_name": "udacity-cluster-rg",
            "subnet": [
              {
                "address_prefix": "172.16.1.0/24",
                "id": "/subscriptions/553adfee-190f-4fb5-b074-bda108fcfe66/resourceGroups/udacity-cluster-rg/providers/Microsoft.Network/virtualNetworks/udacity-cluster-vpc/subnets/udacity-cluster-subnet",
                "name": "udacity-cluster-subnet",
                "security_group": ""
              }
            ],
            "tags": {
              "cluster": "udacity-cluster",
              "environment": "kubeone"
            }
          },
          "private": "bnVsbA==",
          "dependencies": [
            "azurerm_resource_group.rg"
          ]
        }
      ]
    }
  ]
}
