{
  "version": 4,
  "terraform_version": "0.12.20",
  "serial": 21,
  "lineage": "0f124f94-1e82-d226-c6b4-2787f8827f53",
  "outputs": {
    "kubeone_api": {
      "value": {
        "endpoint": "andy-udacity-cluster-api-lb-f9350e53edba8543.elb.us-east-1.amazonaws.com"
      },
      "type": [
        "object",
        {
          "endpoint": "string"
        }
      ]
    },
    "kubeone_hosts": {
      "value": {
        "control_plane": {
          "cloud_provider": "aws",
          "cluster_name": "andy-udacity-cluster",
          "hostnames": [
            null,
            null,
            null
          ],
          "private_address": [
            null,
            null,
            null
          ],
          "public_address": [
            null,
            null,
            null
          ],
          "ssh_agent_socket": "env:SSH_AUTH_SOCK",
          "ssh_port": 22,
          "ssh_private_key_file": "",
          "ssh_user": "ubuntu"
        }
      },
      "type": [
        "object",
        {
          "control_plane": [
            "object",
            {
              "cloud_provider": "string",
              "cluster_name": "string",
              "hostnames": [
                "tuple",
                [
                  "string",
                  "string",
                  "string"
                ]
              ],
              "private_address": [
                "tuple",
                [
                  "string",
                  "string",
                  "string"
                ]
              ],
              "public_address": [
                "tuple",
                [
                  "string",
                  "string",
                  "string"
                ]
              ],
              "ssh_agent_socket": "string",
              "ssh_port": "number",
              "ssh_private_key_file": "string",
              "ssh_user": "string"
            }
          ]
        }
      ]
    },
    "kubeone_workers": {
      "value": {
        "andy-udacity-cluster-pool1": {
          "providerSpec": {
            "cloudProviderSpec": {
              "ami": "ami-07ebfd5b3428b6f4d",
              "availabilityZone": "us-east-1a",
              "diskIops": 500,
              "diskSize": 50,
              "diskType": "gp2",
              "instanceProfile": "andy-udacity-cluster-host",
              "instanceType": "t2.micro",
              "region": "us-east-1",
              "securityGroupIDs": [
                "sg-00fd0393c0a773273"
              ],
              "subnetId": "subnet-bb5888f6",
              "tags": {
                "andy-udacity-cluster-workers": "pool1"
              },
              "vpcId": "vpc-9f4418e5"
            },
            "operatingSystem": "ubuntu",
            "operatingSystemSpec": {
              "distUpgradeOnBoot": false
            },
            "sshPublicKeys": [
              "ssh-rsa AAAAB3NzaC1yc2EAAAADAQABAAABgQCs9vvi+mIanyiAM3XT2Wn+sUYgPWekFHdjlQb2Wh+V+qt1bHf+Kmamoy038D1pkRvIGWVvI+xeNkaZtA456JXiTXutzwOE1XX9dGqWN0BpOThyA7sSGe4UVzGvGLa01UksuDxN4R9gg5ydWjuT0EosT8S+5rVQ1d4u8BwkTluea770PHwHMngFzs40jrJoN3dY5p4Bgu7hEaVeN7cE8Zm3HqF5fQCIjxuYp9cmIgJu+N3GJdZLEtyGANDZpBUVywnum52Qlb8kj4MN7hSum7uL7daU0Ok7jZj53NHIb/tcArare9vVSorQRdCx15n+qSkReRmxneUe5S9Ikge9DlxMpErj39iUVbVmtqgCsIv3/DBAvARiGLW/3nFHisgXvdfUXfFHDk1/WRK3ilprYGdDhWa6v8zm4ogKbd4JGoYvkZ8HxbO63w0yhYpUizXTb8PT+mWpENcFC+9oqkvnnlbtWoEew9BXZD45lNlaTPI1Dv5qLUpxcxx9GUxVZE320U0= andy@ubuntukor"
            ]
          },
          "replicas": 1
        }
      },
      "type": [
        "object",
        {
          "andy-udacity-cluster-pool1": [
            "object",
            {
              "providerSpec": [
                "object",
                {
                  "cloudProviderSpec": [
                    "object",
                    {
                      "ami": "string",
                      "availabilityZone": "string",
                      "diskIops": "number",
                      "diskSize": "number",
                      "diskType": "string",
                      "instanceProfile": "string",
                      "instanceType": "string",
                      "region": "string",
                      "securityGroupIDs": [
                        "tuple",
                        [
                          "string"
                        ]
                      ],
                      "subnetId": "string",
                      "tags": [
                        "object",
                        {
                          "andy-udacity-cluster-workers": "string"
                        }
                      ],
                      "vpcId": "string"
                    }
                  ],
                  "operatingSystem": "string",
                  "operatingSystemSpec": [
                    "object",
                    {
                      "distUpgradeOnBoot": "bool"
                    }
                  ],
                  "sshPublicKeys": [
                    "tuple",
                    [
                      "string"
                    ]
                  ]
                }
              ],
              "replicas": "number"
            }
          ]
        }
      ]
    }
  },
  "resources": [
    {
      "mode": "data",
      "type": "aws_ami",
      "name": "ubuntu",
      "provider": "provider.aws",
      "instances": [
        {
          "schema_version": 0,
          "attributes": {
            "architecture": "x86_64",
            "block_device_mappings": [
              {
                "device_name": "/dev/sda1",
                "ebs": {
                  "delete_on_termination": "true",
                  "encrypted": "false",
                  "iops": "0",
                  "snapshot_id": "snap-0e078112eedeec9db",
                  "volume_size": "8",
                  "volume_type": "gp2"
                },
                "no_device": "",
                "virtual_name": ""
              },
              {
                "device_name": "/dev/sdb",
                "ebs": {},
                "no_device": "",
                "virtual_name": "ephemeral0"
              },
              {
                "device_name": "/dev/sdc",
                "ebs": {},
                "no_device": "",
                "virtual_name": "ephemeral1"
              }
            ],
            "creation_date": "2020-01-15T00:30:46.000Z",
            "description": "Canonical, Ubuntu, 18.04 LTS, amd64 bionic image build on 2020-01-12",
            "executable_users": null,
            "filter": [
              {
                "name": "name",
                "values": [
                  "ubuntu/images/hvm-ssd/ubuntu-bionic-18.04-amd64-server-*"
                ]
              },
              {
                "name": "virtualization-type",
                "values": [
                  "hvm"
                ]
              }
            ],
            "hypervisor": "xen",
            "id": "ami-07ebfd5b3428b6f4d",
            "image_id": "ami-07ebfd5b3428b6f4d",
            "image_location": "099720109477/ubuntu/images/hvm-ssd/ubuntu-bionic-18.04-amd64-server-20200112",
            "image_owner_alias": null,
            "image_type": "machine",
            "kernel_id": null,
            "most_recent": true,
            "name": "ubuntu/images/hvm-ssd/ubuntu-bionic-18.04-amd64-server-20200112",
            "name_regex": null,
            "owner_id": "099720109477",
            "owners": [
              "099720109477"
            ],
            "platform": null,
            "product_codes": [],
            "public": true,
            "ramdisk_id": null,
            "root_device_name": "/dev/sda1",
            "root_device_type": "ebs",
            "root_snapshot_id": "snap-0e078112eedeec9db",
            "sriov_net_support": "simple",
            "state": "available",
            "state_reason": {
              "code": "UNSET",
              "message": "UNSET"
            },
            "tags": {},
            "virtualization_type": "hvm"
          }
        }
      ]
    },
    {
      "mode": "data",
      "type": "aws_availability_zones",
      "name": "available",
      "provider": "provider.aws",
      "instances": [
        {
          "schema_version": 0,
          "attributes": {
            "blacklisted_names": null,
            "blacklisted_zone_ids": null,
            "id": "2020-01-26 13:35:38.408617202 +0000 UTC",
            "names": [
              "us-east-1a",
              "us-east-1b",
              "us-east-1c",
              "us-east-1d",
              "us-east-1e",
              "us-east-1f"
            ],
            "state": null,
            "zone_ids": [
              "use1-az4",
              "use1-az6",
              "use1-az1",
              "use1-az2",
              "use1-az3",
              "use1-az5"
            ]
          }
        }
      ]
    },
    {
      "mode": "data",
      "type": "aws_subnet",
      "name": "az_a",
      "provider": "provider.aws",
      "instances": [
        {
          "schema_version": 0,
          "attributes": {
            "arn": "arn:aws:ec2:us-east-1:211151453539:subnet/subnet-bb5888f6",
            "assign_ipv6_address_on_creation": false,
            "availability_zone": "us-east-1a",
            "availability_zone_id": "use1-az4",
            "cidr_block": "172.31.16.0/20",
            "default_for_az": true,
            "filter": null,
            "id": "subnet-bb5888f6",
            "ipv6_cidr_block": null,
            "ipv6_cidr_block_association_id": null,
            "map_public_ip_on_launch": true,
            "owner_id": "211151453539",
            "state": "available",
            "tags": {},
            "vpc_id": "vpc-9f4418e5"
          }
        }
      ]
    },
    {
      "mode": "data",
      "type": "aws_subnet",
      "name": "az_b",
      "provider": "provider.aws",
      "instances": [
        {
          "schema_version": 0,
          "attributes": {
            "arn": "arn:aws:ec2:us-east-1:211151453539:subnet/subnet-27aaa77b",
            "assign_ipv6_address_on_creation": false,
            "availability_zone": "us-east-1b",
            "availability_zone_id": "use1-az6",
            "cidr_block": "172.31.32.0/20",
            "default_for_az": true,
            "filter": null,
            "id": "subnet-27aaa77b",
            "ipv6_cidr_block": null,
            "ipv6_cidr_block_association_id": null,
            "map_public_ip_on_launch": true,
            "owner_id": "211151453539",
            "state": "available",
            "tags": {},
            "vpc_id": "vpc-9f4418e5"
          }
        }
      ]
    },
    {
      "mode": "data",
      "type": "aws_subnet",
      "name": "az_c",
      "provider": "provider.aws",
      "instances": [
        {
          "schema_version": 0,
          "attributes": {
            "arn": "arn:aws:ec2:us-east-1:211151453539:subnet/subnet-4d2b2b2a",
            "assign_ipv6_address_on_creation": false,
            "availability_zone": "us-east-1c",
            "availability_zone_id": "use1-az1",
            "cidr_block": "172.31.0.0/20",
            "default_for_az": true,
            "filter": null,
            "id": "subnet-4d2b2b2a",
            "ipv6_cidr_block": null,
            "ipv6_cidr_block_association_id": null,
            "map_public_ip_on_launch": true,
            "owner_id": "211151453539",
            "state": "available",
            "tags": {},
            "vpc_id": "vpc-9f4418e5"
          }
        }
      ]
    },
    {
      "mode": "data",
      "type": "aws_subnet_ids",
      "name": "default",
      "provider": "provider.aws",
      "instances": [
        {
          "schema_version": 0,
          "attributes": {
            "filter": null,
            "id": "vpc-9f4418e5",
            "ids": [
              "subnet-1113442f",
              "subnet-27aaa77b",
              "subnet-4d2b2b2a",
              "subnet-98bdb2b6",
              "subnet-bb5888f6",
              "subnet-fc0df7f2"
            ],
            "tags": null,
            "vpc_id": "vpc-9f4418e5"
          }
        }
      ]
    },
    {
      "mode": "managed",
      "type": "aws_default_vpc",
      "name": "default",
      "provider": "provider.aws",
      "instances": [
        {
          "schema_version": 1,
          "attributes": {
            "arn": "arn:aws:ec2:us-east-1:211151453539:vpc/vpc-9f4418e5",
            "assign_generated_ipv6_cidr_block": false,
            "cidr_block": "172.31.0.0/16",
            "default_network_acl_id": "acl-80a522fd",
            "default_route_table_id": "rtb-03cc177d",
            "default_security_group_id": "sg-6cd97f39",
            "dhcp_options_id": "dopt-aa9069d0",
            "enable_classiclink": false,
            "enable_classiclink_dns_support": false,
            "enable_dns_hostnames": true,
            "enable_dns_support": true,
            "id": "vpc-9f4418e5",
            "instance_tenancy": "default",
            "ipv6_association_id": "",
            "ipv6_cidr_block": "",
            "main_route_table_id": "rtb-03cc177d",
            "owner_id": "211151453539",
            "tags": {}
          },
          "private": "eyJzY2hlbWFfdmVyc2lvbiI6IjEifQ=="
        }
      ]
    },
    {
      "mode": "managed",
      "type": "aws_iam_instance_profile",
      "name": "profile",
      "provider": "provider.aws",
      "instances": [
        {
          "schema_version": 0,
          "attributes": {
            "arn": "arn:aws:iam::211151453539:instance-profile/andy-udacity-cluster-host",
            "create_date": "2020-01-26T13:01:26Z",
            "id": "andy-udacity-cluster-host",
            "name": "andy-udacity-cluster-host",
            "name_prefix": null,
            "path": "/",
            "role": "andy-udacity-cluster-host",
            "roles": [
              "andy-udacity-cluster-host"
            ],
            "unique_id": "AIPATCKM3PVRUBU42ENB7"
          },
          "private": "bnVsbA==",
          "dependencies": [
            "aws_iam_role.role"
          ]
        }
      ]
    },
    {
      "mode": "managed",
      "type": "aws_iam_role",
      "name": "role",
      "provider": "provider.aws",
      "instances": [
        {
          "schema_version": 0,
          "attributes": {
            "arn": "arn:aws:iam::211151453539:role/andy-udacity-cluster-host",
            "assume_role_policy": "{\"Version\":\"2012-10-17\",\"Statement\":[{\"Sid\":\"\",\"Effect\":\"Allow\",\"Principal\":{\"Service\":\"ec2.amazonaws.com\"},\"Action\":\"sts:AssumeRole\"}]}",
            "create_date": "2020-01-26T13:01:23Z",
            "description": "",
            "force_detach_policies": false,
            "id": "andy-udacity-cluster-host",
            "max_session_duration": 3600,
            "name": "andy-udacity-cluster-host",
            "name_prefix": null,
            "path": "/",
            "permissions_boundary": null,
            "tags": {},
            "unique_id": "AROATCKM3PVR6YIWUWGTW"
          },
          "private": "bnVsbA=="
        }
      ]
    },
    {
      "mode": "managed",
      "type": "aws_iam_role_policy",
      "name": "policy",
      "provider": "provider.aws",
      "instances": [
        {
          "schema_version": 0,
          "attributes": {
            "id": "andy-udacity-cluster-host:andy-udacity-cluster-host",
            "name": "andy-udacity-cluster-host",
            "name_prefix": null,
            "policy": "{\n  \"Version\": \"2012-10-17\",\n  \"Statement\": [\n    {\n      \"Effect\": \"Allow\",\n      \"Action\": [\"ec2:*\"],\n      \"Resource\": [\"*\"]\n    },\n    {\n      \"Effect\": \"Allow\",\n      \"Action\": [\"elasticloadbalancing:*\"],\n      \"Resource\": [\"*\"]\n    }\n  ]\n}\n",
            "role": "andy-udacity-cluster-host"
          },
          "private": "bnVsbA==",
          "dependencies": [
            "aws_iam_role.role"
          ]
        }
      ]
    },
    {
      "mode": "managed",
      "type": "aws_instance",
      "name": "control_plane",
      "each": "list",
      "provider": "provider.aws",
      "instances": []
    },
    {
      "mode": "managed",
      "type": "aws_key_pair",
      "name": "deployer",
      "provider": "provider.aws",
      "instances": [
        {
          "schema_version": 1,
          "attributes": {
            "fingerprint": "ec:52:23:9d:52:13:4e:58:bb:d4:92:29:78:1c:0e:cf",
            "id": "andy-udacity-cluster-deployer-key",
            "key_name": "andy-udacity-cluster-deployer-key",
            "key_name_prefix": null,
            "key_pair_id": "key-0926a0bf52f09083d",
            "public_key": "ssh-rsa AAAAB3NzaC1yc2EAAAADAQABAAABgQCs9vvi+mIanyiAM3XT2Wn+sUYgPWekFHdjlQb2Wh+V+qt1bHf+Kmamoy038D1pkRvIGWVvI+xeNkaZtA456JXiTXutzwOE1XX9dGqWN0BpOThyA7sSGe4UVzGvGLa01UksuDxN4R9gg5ydWjuT0EosT8S+5rVQ1d4u8BwkTluea770PHwHMngFzs40jrJoN3dY5p4Bgu7hEaVeN7cE8Zm3HqF5fQCIjxuYp9cmIgJu+N3GJdZLEtyGANDZpBUVywnum52Qlb8kj4MN7hSum7uL7daU0Ok7jZj53NHIb/tcArare9vVSorQRdCx15n+qSkReRmxneUe5S9Ikge9DlxMpErj39iUVbVmtqgCsIv3/DBAvARiGLW/3nFHisgXvdfUXfFHDk1/WRK3ilprYGdDhWa6v8zm4ogKbd4JGoYvkZ8HxbO63w0yhYpUizXTb8PT+mWpENcFC+9oqkvnnlbtWoEew9BXZD45lNlaTPI1Dv5qLUpxcxx9GUxVZE320U0= andy@ubuntukor",
            "tags": {}
          },
          "private": "eyJzY2hlbWFfdmVyc2lvbiI6IjEifQ=="
        }
      ]
    },
    {
      "mode": "managed",
      "type": "aws_lb",
      "name": "control_plane",
      "provider": "provider.aws",
      "instances": [
        {
          "schema_version": 0,
          "attributes": {
            "access_logs": [
              {
                "bucket": "",
                "enabled": false,
                "prefix": ""
              }
            ],
            "arn": "arn:aws:elasticloadbalancing:us-east-1:211151453539:loadbalancer/net/andy-udacity-cluster-api-lb/f9350e53edba8543",
            "arn_suffix": "net/andy-udacity-cluster-api-lb/f9350e53edba8543",
            "dns_name": "andy-udacity-cluster-api-lb-f9350e53edba8543.elb.us-east-1.amazonaws.com",
            "enable_cross_zone_load_balancing": false,
            "enable_deletion_protection": false,
            "enable_http2": null,
            "id": "arn:aws:elasticloadbalancing:us-east-1:211151453539:loadbalancer/net/andy-udacity-cluster-api-lb/f9350e53edba8543",
            "idle_timeout": null,
            "internal": false,
            "ip_address_type": "ipv4",
            "load_balancer_type": "network",
            "name": "andy-udacity-cluster-api-lb",
            "name_prefix": null,
            "security_groups": [],
            "subnet_mapping": [
              {
                "allocation_id": "",
                "subnet_id": "subnet-27aaa77b"
              },
              {
                "allocation_id": "",
                "subnet_id": "subnet-4d2b2b2a"
              },
              {
                "allocation_id": "",
                "subnet_id": "subnet-bb5888f6"
              }
            ],
            "subnets": [
              "subnet-27aaa77b",
              "subnet-4d2b2b2a",
              "subnet-bb5888f6"
            ],
            "tags": {
              "Cluster": "andy-udacity-cluster",
              "kubernetes.io/cluster/andy-udacity-cluster": "shared"
            },
            "timeouts": null,
            "vpc_id": "vpc-9f4418e5",
            "zone_id": "Z26RNL4JYFTOTI"
          },
          "private": "eyJlMmJmYjczMC1lY2FhLTExZTYtOGY4OC0zNDM2M2JjN2M0YzAiOnsiY3JlYXRlIjo2MDAwMDAwMDAwMDAsImRlbGV0ZSI6NjAwMDAwMDAwMDAwLCJ1cGRhdGUiOjYwMDAwMDAwMDAwMH19",
          "dependencies": [
            "aws_default_vpc.default"
          ]
        }
      ]
    },
    {
      "mode": "managed",
      "type": "aws_lb_listener",
      "name": "control_plane_api",
      "provider": "provider.aws",
      "instances": [
        {
          "schema_version": 0,
          "attributes": {
            "arn": "arn:aws:elasticloadbalancing:us-east-1:211151453539:listener/net/andy-udacity-cluster-api-lb/f9350e53edba8543/8b3a055b032785b0",
            "certificate_arn": null,
            "default_action": [
              {
                "authenticate_cognito": [],
                "authenticate_oidc": [],
                "fixed_response": [],
                "order": 1,
                "redirect": [],
                "target_group_arn": "arn:aws:elasticloadbalancing:us-east-1:211151453539:targetgroup/andy-udacity-cluster-api/1453bb5db12d23d4",
                "type": "forward"
              }
            ],
            "id": "arn:aws:elasticloadbalancing:us-east-1:211151453539:listener/net/andy-udacity-cluster-api-lb/f9350e53edba8543/8b3a055b032785b0",
            "load_balancer_arn": "arn:aws:elasticloadbalancing:us-east-1:211151453539:loadbalancer/net/andy-udacity-cluster-api-lb/f9350e53edba8543",
            "port": 6443,
            "protocol": "TCP",
            "ssl_policy": "",
            "timeouts": null
          },
          "private": "eyJlMmJmYjczMC1lY2FhLTExZTYtOGY4OC0zNDM2M2JjN2M0YzAiOnsicmVhZCI6NjAwMDAwMDAwMDAwfX0=",
          "dependencies": [
            "aws_default_vpc.default",
            "aws_lb.control_plane",
            "aws_lb_target_group.control_plane_api"
          ]
        }
      ]
    },
    {
      "mode": "managed",
      "type": "aws_lb_target_group",
      "name": "control_plane_api",
      "provider": "provider.aws",
      "instances": [
        {
          "schema_version": 0,
          "attributes": {
            "arn": "arn:aws:elasticloadbalancing:us-east-1:211151453539:targetgroup/andy-udacity-cluster-api/1453bb5db12d23d4",
            "arn_suffix": "targetgroup/andy-udacity-cluster-api/1453bb5db12d23d4",
            "deregistration_delay": 300,
            "health_check": [
              {
                "enabled": true,
                "healthy_threshold": 3,
                "interval": 30,
                "matcher": "",
                "path": "",
                "port": "traffic-port",
                "protocol": "TCP",
                "timeout": 10,
                "unhealthy_threshold": 3
              }
            ],
            "id": "arn:aws:elasticloadbalancing:us-east-1:211151453539:targetgroup/andy-udacity-cluster-api/1453bb5db12d23d4",
            "lambda_multi_value_headers_enabled": false,
            "name": "andy-udacity-cluster-api",
            "name_prefix": null,
            "port": 6443,
            "protocol": "TCP",
            "proxy_protocol_v2": false,
            "slow_start": 0,
            "stickiness": [],
            "tags": {},
            "target_type": "instance",
            "vpc_id": "vpc-9f4418e5"
          },
          "private": "bnVsbA==",
          "dependencies": [
            "aws_default_vpc.default"
          ]
        }
      ]
    },
    {
      "mode": "managed",
      "type": "aws_lb_target_group_attachment",
      "name": "control_plane_api",
      "each": "list",
      "provider": "provider.aws",
      "instances": []
    },
    {
      "mode": "managed",
      "type": "aws_security_group",
      "name": "common",
      "provider": "provider.aws",
      "instances": [
        {
          "schema_version": 1,
          "attributes": {
            "arn": "arn:aws:ec2:us-east-1:211151453539:security-group/sg-00fd0393c0a773273",
            "description": "cluster common rules",
            "egress": [
              {
                "cidr_blocks": [
                  "0.0.0.0/0"
                ],
                "description": "",
                "from_port": 0,
                "ipv6_cidr_blocks": [],
                "prefix_list_ids": [],
                "protocol": "-1",
                "security_groups": [],
                "self": false,
                "to_port": 0
              }
            ],
            "id": "sg-00fd0393c0a773273",
            "ingress": [
              {
                "cidr_blocks": [
                  "0.0.0.0/0"
                ],
                "description": "",
                "from_port": 22,
                "ipv6_cidr_blocks": [],
                "prefix_list_ids": [],
                "protocol": "tcp",
                "security_groups": [],
                "self": false,
                "to_port": 22
              },
              {
                "cidr_blocks": [],
                "description": "",
                "from_port": 0,
                "ipv6_cidr_blocks": [],
                "prefix_list_ids": [],
                "protocol": "-1",
                "security_groups": [],
                "self": true,
                "to_port": 0
              }
            ],
            "name": "andy-udacity-cluster-common",
            "name_prefix": null,
            "owner_id": "211151453539",
            "revoke_rules_on_delete": false,
            "tags": {
              "kubernetes.io/cluster/andy-udacity-cluster": "shared"
            },
            "timeouts": null,
            "vpc_id": "vpc-9f4418e5"
          },
          "private": "eyJlMmJmYjczMC1lY2FhLTExZTYtOGY4OC0zNDM2M2JjN2M0YzAiOnsiY3JlYXRlIjo2MDAwMDAwMDAwMDAsImRlbGV0ZSI6NjAwMDAwMDAwMDAwfSwic2NoZW1hX3ZlcnNpb24iOiIxIn0=",
          "dependencies": [
            "aws_default_vpc.default"
          ]
        }
      ]
    },
    {
      "mode": "managed",
      "type": "aws_security_group",
      "name": "control_plane",
      "provider": "provider.aws",
      "instances": [
        {
          "schema_version": 1,
          "attributes": {
            "arn": "arn:aws:ec2:us-east-1:211151453539:security-group/sg-0beb127d417363c29",
            "description": "cluster control_planes",
            "egress": [],
            "id": "sg-0beb127d417363c29",
            "ingress": [
              {
                "cidr_blocks": [
                  "0.0.0.0/0"
                ],
                "description": "",
                "from_port": 6443,
                "ipv6_cidr_blocks": [],
                "prefix_list_ids": [],
                "protocol": "tcp",
                "security_groups": [],
                "self": false,
                "to_port": 6443
              }
            ],
            "name": "andy-udacity-cluster-control_planes",
            "name_prefix": null,
            "owner_id": "211151453539",
            "revoke_rules_on_delete": false,
            "tags": {
              "kubernetes.io/cluster/andy-udacity-cluster": "shared"
            },
            "timeouts": null,
            "vpc_id": "vpc-9f4418e5"
          },
          "private": "eyJlMmJmYjczMC1lY2FhLTExZTYtOGY4OC0zNDM2M2JjN2M0YzAiOnsiY3JlYXRlIjo2MDAwMDAwMDAwMDAsImRlbGV0ZSI6NjAwMDAwMDAwMDAwfSwic2NoZW1hX3ZlcnNpb24iOiIxIn0=",
          "dependencies": [
            "aws_default_vpc.default"
          ]
        }
      ]
    }
  ]
}
