{
  "version": 4,
  "terraform_version": "0.12.20",
  "serial": 17,
  "lineage": "54872cdd-7b7d-cec6-69d9-51aeb17bffc6",
  "outputs": {
    "kubeone_api": {
      "value": {
        "endpoint": "andy-udacity-cluster-api-lb-3f406c83a9802b21.elb.eu-west-1.amazonaws.com"
      },
      "type": [
        "object",
        {
          "endpoint": "string"
        }
      ]
    },
    "kubeone_hosts": {
      "value": {
        "control_plane": {
          "cloud_provider": "aws",
          "cluster_name": "andy-udacity-cluster",
          "hostnames": [
            "ip-172-31-45-9.eu-west-1.compute.internal"
          ],
          "private_address": [
            "172.31.45.9"
          ],
          "public_address": [
            "34.254.198.151"
          ],
          "ssh_agent_socket": "env:SSH_AUTH_SOCK",
          "ssh_port": 22,
          "ssh_private_key_file": "",
          "ssh_user": "ubuntu"
        }
      },
      "type": [
        "object",
        {
          "control_plane": [
            "object",
            {
              "cloud_provider": "string",
              "cluster_name": "string",
              "hostnames": [
                "tuple",
                [
                  "string"
                ]
              ],
              "private_address": [
                "tuple",
                [
                  "string"
                ]
              ],
              "public_address": [
                "tuple",
                [
                  "string"
                ]
              ],
              "ssh_agent_socket": "string",
              "ssh_port": "number",
              "ssh_private_key_file": "string",
              "ssh_user": "string"
            }
          ]
        }
      ]
    },
    "kubeone_workers": {
      "value": {
        "andy-udacity-cluster-pool1": {
          "providerSpec": {
            "cloudProviderSpec": {
              "ami": "ami-07042e91d04b1c30d",
              "availabilityZone": "eu-west-1a",
              "diskIops": 500,
              "diskSize": 50,
              "diskType": "gp2",
              "instanceProfile": "andy-udacity-cluster-host",
              "instanceType": "c4.large",
              "region": "eu-west-1",
              "securityGroupIDs": [
                "sg-013c1b73315ff5315"
              ],
              "subnetId": "subnet-6ee77c34",
              "tags": {
                "andy-udacity-cluster-workers": "pool1"
              },
              "vpcId": "vpc-1dbb5764"
            },
            "operatingSystem": "ubuntu",
            "operatingSystemSpec": {
              "distUpgradeOnBoot": false
            },
            "sshPublicKeys": [
              "ssh-rsa AAAAB3NzaC1yc2EAAAADAQABAAABgQCs9vvi+mIanyiAM3XT2Wn+sUYgPWekFHdjlQb2Wh+V+qt1bHf+Kmamoy038D1pkRvIGWVvI+xeNkaZtA456JXiTXutzwOE1XX9dGqWN0BpOThyA7sSGe4UVzGvGLa01UksuDxN4R9gg5ydWjuT0EosT8S+5rVQ1d4u8BwkTluea770PHwHMngFzs40jrJoN3dY5p4Bgu7hEaVeN7cE8Zm3HqF5fQCIjxuYp9cmIgJu+N3GJdZLEtyGANDZpBUVywnum52Qlb8kj4MN7hSum7uL7daU0Ok7jZj53NHIb/tcArare9vVSorQRdCx15n+qSkReRmxneUe5S9Ikge9DlxMpErj39iUVbVmtqgCsIv3/DBAvARiGLW/3nFHisgXvdfUXfFHDk1/WRK3ilprYGdDhWa6v8zm4ogKbd4JGoYvkZ8HxbO63w0yhYpUizXTb8PT+mWpENcFC+9oqkvnnlbtWoEew9BXZD45lNlaTPI1Dv5qLUpxcxx9GUxVZE320U0= andy@ubuntukor"
            ]
          },
          "replicas": 1
        }
      },
      "type": [
        "object",
        {
          "andy-udacity-cluster-pool1": [
            "object",
            {
              "providerSpec": [
                "object",
                {
                  "cloudProviderSpec": [
                    "object",
                    {
                      "ami": "string",
                      "availabilityZone": "string",
                      "diskIops": "number",
                      "diskSize": "number",
                      "diskType": "string",
                      "instanceProfile": "string",
                      "instanceType": "string",
                      "region": "string",
                      "securityGroupIDs": [
                        "tuple",
                        [
                          "string"
                        ]
                      ],
                      "subnetId": "string",
                      "tags": [
                        "object",
                        {
                          "andy-udacity-cluster-workers": "string"
                        }
                      ],
                      "vpcId": "string"
                    }
                  ],
                  "operatingSystem": "string",
                  "operatingSystemSpec": [
                    "object",
                    {
                      "distUpgradeOnBoot": "bool"
                    }
                  ],
                  "sshPublicKeys": [
                    "tuple",
                    [
                      "string"
                    ]
                  ]
                }
              ],
              "replicas": "number"
            }
          ]
        }
      ]
    }
  },
  "resources": [
    {
      "mode": "data",
      "type": "aws_ami",
      "name": "ubuntu",
      "provider": "provider.aws",
      "instances": [
        {
          "schema_version": 0,
          "attributes": {
            "architecture": "x86_64",
            "block_device_mappings": [
              {
                "device_name": "/dev/sda1",
                "ebs": {
                  "delete_on_termination": "true",
                  "encrypted": "false",
                  "iops": "0",
                  "snapshot_id": "snap-0fecc44ecbd415bfe",
                  "volume_size": "8",
                  "volume_type": "gp2"
                },
                "no_device": "",
                "virtual_name": ""
              },
              {
                "device_name": "/dev/sdb",
                "ebs": {},
                "no_device": "",
                "virtual_name": "ephemeral0"
              },
              {
                "device_name": "/dev/sdc",
                "ebs": {},
                "no_device": "",
                "virtual_name": "ephemeral1"
              }
            ],
            "creation_date": "2020-02-04T18:52:17.000Z",
            "description": "Canonical, Ubuntu, 18.04 LTS, amd64 bionic image build on 2020-01-31",
            "executable_users": null,
            "filter": [
              {
                "name": "name",
                "values": [
                  "ubuntu/images/hvm-ssd/ubuntu-bionic-18.04-amd64-server-*"
                ]
              },
              {
                "name": "virtualization-type",
                "values": [
                  "hvm"
                ]
              }
            ],
            "hypervisor": "xen",
            "id": "ami-07042e91d04b1c30d",
            "image_id": "ami-07042e91d04b1c30d",
            "image_location": "099720109477/ubuntu/images/hvm-ssd/ubuntu-bionic-18.04-amd64-server-20200131",
            "image_owner_alias": null,
            "image_type": "machine",
            "kernel_id": null,
            "most_recent": true,
            "name": "ubuntu/images/hvm-ssd/ubuntu-bionic-18.04-amd64-server-20200131",
            "name_regex": null,
            "owner_id": "099720109477",
            "owners": [
              "099720109477"
            ],
            "platform": null,
            "product_codes": [],
            "public": true,
            "ramdisk_id": null,
            "root_device_name": "/dev/sda1",
            "root_device_type": "ebs",
            "root_snapshot_id": "snap-0fecc44ecbd415bfe",
            "sriov_net_support": "simple",
            "state": "available",
            "state_reason": {
              "code": "UNSET",
              "message": "UNSET"
            },
            "tags": {},
            "virtualization_type": "hvm"
          }
        }
      ]
    },
    {
      "mode": "data",
      "type": "aws_availability_zones",
      "name": "available",
      "provider": "provider.aws",
      "instances": [
        {
          "schema_version": 0,
          "attributes": {
            "blacklisted_names": null,
            "blacklisted_zone_ids": null,
            "id": "2020-02-10 11:52:29.801750609 +0000 UTC",
            "names": [
              "eu-west-1a",
              "eu-west-1b",
              "eu-west-1c"
            ],
            "state": null,
            "zone_ids": [
              "euw1-az3",
              "euw1-az1",
              "euw1-az2"
            ]
          }
        }
      ]
    },
    {
      "mode": "data",
      "type": "aws_subnet",
      "name": "az_a",
      "provider": "provider.aws",
      "instances": [
        {
          "schema_version": 0,
          "attributes": {
            "arn": "arn:aws:ec2:eu-west-1:669636285272:subnet/subnet-6ee77c34",
            "assign_ipv6_address_on_creation": false,
            "availability_zone": "eu-west-1a",
            "availability_zone_id": "euw1-az3",
            "cidr_block": "172.31.32.0/20",
            "default_for_az": true,
            "filter": null,
            "id": "subnet-6ee77c34",
            "ipv6_cidr_block": null,
            "ipv6_cidr_block_association_id": null,
            "map_public_ip_on_launch": true,
            "owner_id": "669636285272",
            "state": "available",
            "tags": {},
            "vpc_id": "vpc-1dbb5764"
          }
        }
      ]
    },
    {
      "mode": "data",
      "type": "aws_subnet",
      "name": "az_b",
      "provider": "provider.aws",
      "instances": [
        {
          "schema_version": 0,
          "attributes": {
            "arn": "arn:aws:ec2:eu-west-1:669636285272:subnet/subnet-9dacf2fb",
            "assign_ipv6_address_on_creation": false,
            "availability_zone": "eu-west-1b",
            "availability_zone_id": "euw1-az1",
            "cidr_block": "172.31.0.0/20",
            "default_for_az": true,
            "filter": null,
            "id": "subnet-9dacf2fb",
            "ipv6_cidr_block": null,
            "ipv6_cidr_block_association_id": null,
            "map_public_ip_on_launch": true,
            "owner_id": "669636285272",
            "state": "available",
            "tags": {},
            "vpc_id": "vpc-1dbb5764"
          }
        }
      ]
    },
    {
      "mode": "data",
      "type": "aws_subnet",
      "name": "az_c",
      "provider": "provider.aws",
      "instances": [
        {
          "schema_version": 0,
          "attributes": {
            "arn": "arn:aws:ec2:eu-west-1:669636285272:subnet/subnet-0d351c45",
            "assign_ipv6_address_on_creation": false,
            "availability_zone": "eu-west-1c",
            "availability_zone_id": "euw1-az2",
            "cidr_block": "172.31.16.0/20",
            "default_for_az": true,
            "filter": null,
            "id": "subnet-0d351c45",
            "ipv6_cidr_block": null,
            "ipv6_cidr_block_association_id": null,
            "map_public_ip_on_launch": true,
            "owner_id": "669636285272",
            "state": "available",
            "tags": {},
            "vpc_id": "vpc-1dbb5764"
          }
        }
      ]
    },
    {
      "mode": "data",
      "type": "aws_subnet_ids",
      "name": "default",
      "provider": "provider.aws",
      "instances": [
        {
          "schema_version": 0,
          "attributes": {
            "filter": null,
            "id": "vpc-1dbb5764",
            "ids": [
              "subnet-0d351c45",
              "subnet-6ee77c34",
              "subnet-9dacf2fb"
            ],
            "tags": null,
            "vpc_id": "vpc-1dbb5764"
          }
        }
      ]
    },
    {
      "mode": "managed",
      "type": "aws_default_vpc",
      "name": "default",
      "provider": "provider.aws",
      "instances": [
        {
          "schema_version": 1,
          "attributes": {
            "arn": "arn:aws:ec2:eu-west-1:669636285272:vpc/vpc-1dbb5764",
            "assign_generated_ipv6_cidr_block": false,
            "cidr_block": "172.31.0.0/16",
            "default_network_acl_id": "acl-eb8cea92",
            "default_route_table_id": "rtb-50e5f229",
            "default_security_group_id": "sg-de6f8593",
            "dhcp_options_id": "dopt-829ac5e4",
            "enable_classiclink": false,
            "enable_classiclink_dns_support": false,
            "enable_dns_hostnames": true,
            "enable_dns_support": true,
            "id": "vpc-1dbb5764",
            "instance_tenancy": "default",
            "ipv6_association_id": "",
            "ipv6_cidr_block": "",
            "main_route_table_id": "rtb-50e5f229",
            "owner_id": "669636285272",
            "tags": null
          },
          "private": "eyJzY2hlbWFfdmVyc2lvbiI6IjEifQ=="
        }
      ]
    },
    {
      "mode": "managed",
      "type": "aws_iam_instance_profile",
      "name": "profile",
      "provider": "provider.aws",
      "instances": [
        {
          "schema_version": 0,
          "attributes": {
            "arn": "arn:aws:iam::669636285272:instance-profile/andy-udacity-cluster-host",
            "create_date": "2020-02-10T11:52:47Z",
            "id": "andy-udacity-cluster-host",
            "name": "andy-udacity-cluster-host",
            "name_prefix": null,
            "path": "/",
            "role": "andy-udacity-cluster-host",
            "roles": [],
            "unique_id": "AIPAZX2LO2NMA2HY5MJU5"
          },
          "private": "bnVsbA==",
          "dependencies": [
            "aws_iam_role.role"
          ]
        }
      ]
    },
    {
      "mode": "managed",
      "type": "aws_iam_role",
      "name": "role",
      "provider": "provider.aws",
      "instances": [
        {
          "schema_version": 0,
          "attributes": {
            "arn": "arn:aws:iam::669636285272:role/andy-udacity-cluster-host",
            "assume_role_policy": "{\"Version\":\"2012-10-17\",\"Statement\":[{\"Sid\":\"\",\"Effect\":\"Allow\",\"Principal\":{\"Service\":\"ec2.amazonaws.com\"},\"Action\":\"sts:AssumeRole\"}]}",
            "create_date": "2020-02-10T11:52:44Z",
            "description": "",
            "force_detach_policies": false,
            "id": "andy-udacity-cluster-host",
            "max_session_duration": 3600,
            "name": "andy-udacity-cluster-host",
            "name_prefix": null,
            "path": "/",
            "permissions_boundary": null,
            "tags": null,
            "unique_id": "AROAZX2LO2NMMUSKVKKTC"
          },
          "private": "bnVsbA=="
        }
      ]
    },
    {
      "mode": "managed",
      "type": "aws_iam_role_policy",
      "name": "policy",
      "provider": "provider.aws",
      "instances": [
        {
          "schema_version": 0,
          "attributes": {
            "id": "andy-udacity-cluster-host:andy-udacity-cluster-host",
            "name": "andy-udacity-cluster-host",
            "name_prefix": null,
            "policy": "{\n  \"Version\": \"2012-10-17\",\n  \"Statement\": [\n    {\n      \"Effect\": \"Allow\",\n      \"Action\": [\"ec2:*\"],\n      \"Resource\": [\"*\"]\n    },\n    {\n      \"Effect\": \"Allow\",\n      \"Action\": [\"elasticloadbalancing:*\"],\n      \"Resource\": [\"*\"]\n    }\n  ]\n}\n",
            "role": "andy-udacity-cluster-host"
          },
          "private": "bnVsbA==",
          "dependencies": [
            "aws_iam_role.role"
          ]
        }
      ]
    },
    {
      "mode": "managed",
      "type": "aws_instance",
      "name": "control_plane",
      "each": "list",
      "provider": "provider.aws",
      "instances": [
        {
          "index_key": 0,
          "schema_version": 1,
          "attributes": {
            "ami": "ami-07042e91d04b1c30d",
            "arn": "arn:aws:ec2:eu-west-1:669636285272:instance/i-0f6df397e7dcb9d95",
            "associate_public_ip_address": true,
            "availability_zone": "eu-west-1a",
            "cpu_core_count": 1,
            "cpu_threads_per_core": 2,
            "credit_specification": [],
            "disable_api_termination": false,
            "ebs_block_device": [],
            "ebs_optimized": true,
            "ephemeral_block_device": [],
            "get_password_data": false,
            "host_id": null,
            "iam_instance_profile": "andy-udacity-cluster-host",
            "id": "i-0f6df397e7dcb9d95",
            "instance_initiated_shutdown_behavior": null,
            "instance_state": "running",
            "instance_type": "c4.large",
            "ipv6_address_count": 0,
            "ipv6_addresses": [],
            "key_name": "andy-udacity-cluster-deployer-key",
            "monitoring": false,
            "network_interface": [],
            "network_interface_id": null,
            "password_data": "",
            "placement_group": "",
            "primary_network_interface_id": "eni-0e95b99a44ccb9715",
            "private_dns": "ip-172-31-45-9.eu-west-1.compute.internal",
            "private_ip": "172.31.45.9",
            "public_dns": "ec2-34-254-198-151.eu-west-1.compute.amazonaws.com",
            "public_ip": "34.254.198.151",
            "root_block_device": [
              {
                "delete_on_termination": true,
                "encrypted": false,
                "iops": 100,
                "kms_key_id": "",
                "volume_id": "vol-0240dc93f758af25e",
                "volume_size": 30,
                "volume_type": "gp2"
              }
            ],
            "security_groups": [
              "andy-udacity-cluster-common",
              "andy-udacity-cluster-control_planes"
            ],
            "source_dest_check": true,
            "subnet_id": "subnet-6ee77c34",
            "tags": {
              "Name": "andy-udacity-cluster-control_plane-1",
              "kubernetes.io/cluster/andy-udacity-cluster": "shared"
            },
            "tenancy": "default",
            "timeouts": null,
            "user_data": null,
            "user_data_base64": null,
            "volume_tags": {},
            "vpc_security_group_ids": [
              "sg-013c1b73315ff5315",
              "sg-0c4f9ae23cd4deb27"
            ]
          },
          "private": "eyJlMmJmYjczMC1lY2FhLTExZTYtOGY4OC0zNDM2M2JjN2M0YzAiOnsiY3JlYXRlIjo2MDAwMDAwMDAwMDAsImRlbGV0ZSI6MTIwMDAwMDAwMDAwMCwidXBkYXRlIjo2MDAwMDAwMDAwMDB9LCJzY2hlbWFfdmVyc2lvbiI6IjEifQ==",
          "dependencies": [
            "aws_default_vpc.default",
            "aws_iam_instance_profile.profile",
            "aws_iam_role.role",
            "aws_key_pair.deployer",
            "aws_security_group.common",
            "aws_security_group.control_plane"
          ]
        }
      ]
    },
    {
      "mode": "managed",
      "type": "aws_key_pair",
      "name": "deployer",
      "provider": "provider.aws",
      "instances": [
        {
          "schema_version": 1,
          "attributes": {
            "fingerprint": "ec:52:23:9d:52:13:4e:58:bb:d4:92:29:78:1c:0e:cf",
            "id": "andy-udacity-cluster-deployer-key",
            "key_name": "andy-udacity-cluster-deployer-key",
            "key_name_prefix": null,
            "key_pair_id": "key-0818fca8a131e35c1",
            "public_key": "ssh-rsa AAAAB3NzaC1yc2EAAAADAQABAAABgQCs9vvi+mIanyiAM3XT2Wn+sUYgPWekFHdjlQb2Wh+V+qt1bHf+Kmamoy038D1pkRvIGWVvI+xeNkaZtA456JXiTXutzwOE1XX9dGqWN0BpOThyA7sSGe4UVzGvGLa01UksuDxN4R9gg5ydWjuT0EosT8S+5rVQ1d4u8BwkTluea770PHwHMngFzs40jrJoN3dY5p4Bgu7hEaVeN7cE8Zm3HqF5fQCIjxuYp9cmIgJu+N3GJdZLEtyGANDZpBUVywnum52Qlb8kj4MN7hSum7uL7daU0Ok7jZj53NHIb/tcArare9vVSorQRdCx15n+qSkReRmxneUe5S9Ikge9DlxMpErj39iUVbVmtqgCsIv3/DBAvARiGLW/3nFHisgXvdfUXfFHDk1/WRK3ilprYGdDhWa6v8zm4ogKbd4JGoYvkZ8HxbO63w0yhYpUizXTb8PT+mWpENcFC+9oqkvnnlbtWoEew9BXZD45lNlaTPI1Dv5qLUpxcxx9GUxVZE320U0= andy@ubuntukor",
            "tags": null
          },
          "private": "eyJzY2hlbWFfdmVyc2lvbiI6IjEifQ=="
        }
      ]
    },
    {
      "mode": "managed",
      "type": "aws_lb",
      "name": "control_plane",
      "provider": "provider.aws",
      "instances": [
        {
          "schema_version": 0,
          "attributes": {
            "access_logs": [
              {
                "bucket": "",
                "enabled": false,
                "prefix": ""
              }
            ],
            "arn": "arn:aws:elasticloadbalancing:eu-west-1:669636285272:loadbalancer/net/andy-udacity-cluster-api-lb/3f406c83a9802b21",
            "arn_suffix": "net/andy-udacity-cluster-api-lb/3f406c83a9802b21",
            "dns_name": "andy-udacity-cluster-api-lb-3f406c83a9802b21.elb.eu-west-1.amazonaws.com",
            "enable_cross_zone_load_balancing": false,
            "enable_deletion_protection": false,
            "enable_http2": null,
            "id": "arn:aws:elasticloadbalancing:eu-west-1:669636285272:loadbalancer/net/andy-udacity-cluster-api-lb/3f406c83a9802b21",
            "idle_timeout": null,
            "internal": false,
            "ip_address_type": "ipv4",
            "load_balancer_type": "network",
            "name": "andy-udacity-cluster-api-lb",
            "name_prefix": null,
            "security_groups": [],
            "subnet_mapping": [
              {
                "allocation_id": "",
                "subnet_id": "subnet-0d351c45"
              },
              {
                "allocation_id": "",
                "subnet_id": "subnet-6ee77c34"
              },
              {
                "allocation_id": "",
                "subnet_id": "subnet-9dacf2fb"
              }
            ],
            "subnets": [
              "subnet-0d351c45",
              "subnet-6ee77c34",
              "subnet-9dacf2fb"
            ],
            "tags": {
              "Cluster": "andy-udacity-cluster",
              "kubernetes.io/cluster/andy-udacity-cluster": "shared"
            },
            "timeouts": null,
            "vpc_id": "vpc-1dbb5764",
            "zone_id": "Z2IFOLAFXWLO4F"
          },
          "private": "eyJlMmJmYjczMC1lY2FhLTExZTYtOGY4OC0zNDM2M2JjN2M0YzAiOnsiY3JlYXRlIjo2MDAwMDAwMDAwMDAsImRlbGV0ZSI6NjAwMDAwMDAwMDAwLCJ1cGRhdGUiOjYwMDAwMDAwMDAwMH19",
          "dependencies": [
            "aws_default_vpc.default"
          ]
        }
      ]
    },
    {
      "mode": "managed",
      "type": "aws_lb_listener",
      "name": "control_plane_api",
      "provider": "provider.aws",
      "instances": [
        {
          "schema_version": 0,
          "attributes": {
            "arn": "arn:aws:elasticloadbalancing:eu-west-1:669636285272:listener/net/andy-udacity-cluster-api-lb/3f406c83a9802b21/149d09c3dae23942",
            "certificate_arn": null,
            "default_action": [
              {
                "authenticate_cognito": [],
                "authenticate_oidc": [],
                "fixed_response": [],
                "order": 1,
                "redirect": [],
                "target_group_arn": "arn:aws:elasticloadbalancing:eu-west-1:669636285272:targetgroup/andy-udacity-cluster-api/6a23f89e4e3583b3",
                "type": "forward"
              }
            ],
            "id": "arn:aws:elasticloadbalancing:eu-west-1:669636285272:listener/net/andy-udacity-cluster-api-lb/3f406c83a9802b21/149d09c3dae23942",
            "load_balancer_arn": "arn:aws:elasticloadbalancing:eu-west-1:669636285272:loadbalancer/net/andy-udacity-cluster-api-lb/3f406c83a9802b21",
            "port": 6443,
            "protocol": "TCP",
            "ssl_policy": "",
            "timeouts": null
          },
          "private": "eyJlMmJmYjczMC1lY2FhLTExZTYtOGY4OC0zNDM2M2JjN2M0YzAiOnsicmVhZCI6NjAwMDAwMDAwMDAwfX0=",
          "dependencies": [
            "aws_default_vpc.default",
            "aws_lb.control_plane",
            "aws_lb_target_group.control_plane_api"
          ]
        }
      ]
    },
    {
      "mode": "managed",
      "type": "aws_lb_target_group",
      "name": "control_plane_api",
      "provider": "provider.aws",
      "instances": [
        {
          "schema_version": 0,
          "attributes": {
            "arn": "arn:aws:elasticloadbalancing:eu-west-1:669636285272:targetgroup/andy-udacity-cluster-api/6a23f89e4e3583b3",
            "arn_suffix": "targetgroup/andy-udacity-cluster-api/6a23f89e4e3583b3",
            "deregistration_delay": 300,
            "health_check": [
              {
                "enabled": true,
                "healthy_threshold": 3,
                "interval": 30,
                "matcher": "",
                "path": "",
                "port": "traffic-port",
                "protocol": "TCP",
                "timeout": 10,
                "unhealthy_threshold": 3
              }
            ],
            "id": "arn:aws:elasticloadbalancing:eu-west-1:669636285272:targetgroup/andy-udacity-cluster-api/6a23f89e4e3583b3",
            "lambda_multi_value_headers_enabled": false,
            "name": "andy-udacity-cluster-api",
            "name_prefix": null,
            "port": 6443,
            "protocol": "TCP",
            "proxy_protocol_v2": false,
            "slow_start": 0,
            "stickiness": [],
            "tags": null,
            "target_type": "instance",
            "vpc_id": "vpc-1dbb5764"
          },
          "private": "bnVsbA==",
          "dependencies": [
            "aws_default_vpc.default"
          ]
        }
      ]
    },
    {
      "mode": "managed",
      "type": "aws_lb_target_group_attachment",
      "name": "control_plane_api",
      "each": "list",
      "provider": "provider.aws",
      "instances": [
        {
          "index_key": 0,
          "schema_version": 0,
          "attributes": {
            "availability_zone": null,
            "id": "arn:aws:elasticloadbalancing:eu-west-1:669636285272:targetgroup/andy-udacity-cluster-api/6a23f89e4e3583b3-20200210115339034900000001",
            "port": 6443,
            "target_group_arn": "arn:aws:elasticloadbalancing:eu-west-1:669636285272:targetgroup/andy-udacity-cluster-api/6a23f89e4e3583b3",
            "target_id": "i-0f6df397e7dcb9d95"
          },
          "private": "bnVsbA==",
          "dependencies": [
            "aws_default_vpc.default",
            "aws_iam_instance_profile.profile",
            "aws_iam_role.role",
            "aws_instance.control_plane",
            "aws_key_pair.deployer",
            "aws_lb_target_group.control_plane_api",
            "aws_security_group.common",
            "aws_security_group.control_plane"
          ]
        }
      ]
    },
    {
      "mode": "managed",
      "type": "aws_security_group",
      "name": "common",
      "provider": "provider.aws",
      "instances": [
        {
          "schema_version": 1,
          "attributes": {
            "arn": "arn:aws:ec2:eu-west-1:669636285272:security-group/sg-013c1b73315ff5315",
            "description": "cluster common rules",
            "egress": [
              {
                "cidr_blocks": [
                  "0.0.0.0/0"
                ],
                "description": "",
                "from_port": 0,
                "ipv6_cidr_blocks": [],
                "prefix_list_ids": [],
                "protocol": "-1",
                "security_groups": [],
                "self": false,
                "to_port": 0
              }
            ],
            "id": "sg-013c1b73315ff5315",
            "ingress": [
              {
                "cidr_blocks": [
                  "0.0.0.0/0"
                ],
                "description": "",
                "from_port": 22,
                "ipv6_cidr_blocks": [],
                "prefix_list_ids": [],
                "protocol": "tcp",
                "security_groups": [],
                "self": false,
                "to_port": 22
              },
              {
                "cidr_blocks": [],
                "description": "",
                "from_port": 0,
                "ipv6_cidr_blocks": [],
                "prefix_list_ids": [],
                "protocol": "-1",
                "security_groups": [],
                "self": true,
                "to_port": 0
              }
            ],
            "name": "andy-udacity-cluster-common",
            "name_prefix": null,
            "owner_id": "669636285272",
            "revoke_rules_on_delete": false,
            "tags": {
              "kubernetes.io/cluster/andy-udacity-cluster": "shared"
            },
            "timeouts": null,
            "vpc_id": "vpc-1dbb5764"
          },
          "private": "eyJlMmJmYjczMC1lY2FhLTExZTYtOGY4OC0zNDM2M2JjN2M0YzAiOnsiY3JlYXRlIjo2MDAwMDAwMDAwMDAsImRlbGV0ZSI6NjAwMDAwMDAwMDAwfSwic2NoZW1hX3ZlcnNpb24iOiIxIn0=",
          "dependencies": [
            "aws_default_vpc.default"
          ]
        }
      ]
    },
    {
      "mode": "managed",
      "type": "aws_security_group",
      "name": "control_plane",
      "provider": "provider.aws",
      "instances": [
        {
          "schema_version": 1,
          "attributes": {
            "arn": "arn:aws:ec2:eu-west-1:669636285272:security-group/sg-0c4f9ae23cd4deb27",
            "description": "cluster control_planes",
            "egress": [],
            "id": "sg-0c4f9ae23cd4deb27",
            "ingress": [
              {
                "cidr_blocks": [
                  "0.0.0.0/0"
                ],
                "description": "",
                "from_port": 6443,
                "ipv6_cidr_blocks": [],
                "prefix_list_ids": [],
                "protocol": "tcp",
                "security_groups": [],
                "self": false,
                "to_port": 6443
              }
            ],
            "name": "andy-udacity-cluster-control_planes",
            "name_prefix": null,
            "owner_id": "669636285272",
            "revoke_rules_on_delete": false,
            "tags": {
              "kubernetes.io/cluster/andy-udacity-cluster": "shared"
            },
            "timeouts": null,
            "vpc_id": "vpc-1dbb5764"
          },
          "private": "eyJlMmJmYjczMC1lY2FhLTExZTYtOGY4OC0zNDM2M2JjN2M0YzAiOnsiY3JlYXRlIjo2MDAwMDAwMDAwMDAsImRlbGV0ZSI6NjAwMDAwMDAwMDAwfSwic2NoZW1hX3ZlcnNpb24iOiIxIn0=",
          "dependencies": [
            "aws_default_vpc.default"
          ]
        }
      ]
    }
  ]
}
