{
  "version": 4,
  "terraform_version": "0.12.20",
  "serial": 59,
  "lineage": "33645f19-abef-5152-95f3-13b78b0a9d39",
  "outputs": {
    "kubeone_hosts": {
      "value": {
        "control_plane": {
          "cloud_provider": "gce",
          "cluster_name": "andy-udacity-cluster",
          "hostnames": [
            "andy-udacity-cluster-control-plane-1",
            "andy-udacity-cluster-control-plane-2",
            "andy-udacity-cluster-control-plane-3"
          ],
          "private_address": [
            "10.240.0.13",
            "10.240.0.12",
            "10.240.0.14"
          ],
          "public_address": [
            "34.89.134.231",
            "34.89.244.142",
            "35.198.151.195"
          ],
          "ssh_agent_socket": "env:SSH_AUTH_SOCK",
          "ssh_port": 22,
          "ssh_private_key_file": "",
          "ssh_user": "root"
        }
      },
      "type": [
        "object",
        {
          "control_plane": [
            "object",
            {
              "cloud_provider": "string",
              "cluster_name": "string",
              "hostnames": [
                "tuple",
                [
                  "string",
                  "string",
                  "string"
                ]
              ],
              "private_address": [
                "tuple",
                [
                  "string",
                  "string",
                  "string"
                ]
              ],
              "public_address": [
                "tuple",
                [
                  "string",
                  "string",
                  "string"
                ]
              ],
              "ssh_agent_socket": "string",
              "ssh_port": "number",
              "ssh_private_key_file": "string",
              "ssh_user": "string"
            }
          ]
        }
      ]
    },
    "kubeone_workers": {
      "value": {
        "andy-udacity-cluster-pool1": {
          "providerSpec": {
            "cloudProviderSpec": {
              "assignPublicIPAddress": true,
              "diskSize": 50,
              "diskType": "pd-ssd",
              "labels": {
                "andy-udacity-cluster-workers": "pool1"
              },
              "machineType": "n1-standard-2",
              "network": "https://www.googleapis.com/compute/v1/projects/astute-vortex-246508/global/networks/andy-udacity-cluster",
              "preemptible": false,
              "regional": false,
              "subnetwork": "https://www.googleapis.com/compute/v1/projects/astute-vortex-246508/regions/europe-west3/subnetworks/andy-udacity-cluster-subnet",
              "tags": [
                "firewall",
                "targets",
                "andy-udacity-cluster-pool1"
              ],
              "zone": "europe-west3-a"
            },
            "operatingSystem": "ubuntu",
            "operatingSystemSpec": {
              "distUpgradeOnBoot": false
            },
            "sshPublicKeys": [
              "ssh-rsa AAAAB3NzaC1yc2EAAAADAQABAAABgQCs9vvi+mIanyiAM3XT2Wn+sUYgPWekFHdjlQb2Wh+V+qt1bHf+Kmamoy038D1pkRvIGWVvI+xeNkaZtA456JXiTXutzwOE1XX9dGqWN0BpOThyA7sSGe4UVzGvGLa01UksuDxN4R9gg5ydWjuT0EosT8S+5rVQ1d4u8BwkTluea770PHwHMngFzs40jrJoN3dY5p4Bgu7hEaVeN7cE8Zm3HqF5fQCIjxuYp9cmIgJu+N3GJdZLEtyGANDZpBUVywnum52Qlb8kj4MN7hSum7uL7daU0Ok7jZj53NHIb/tcArare9vVSorQRdCx15n+qSkReRmxneUe5S9Ikge9DlxMpErj39iUVbVmtqgCsIv3/DBAvARiGLW/3nFHisgXvdfUXfFHDk1/WRK3ilprYGdDhWa6v8zm4ogKbd4JGoYvkZ8HxbO63w0yhYpUizXTb8PT+mWpENcFC+9oqkvnnlbtWoEew9BXZD45lNlaTPI1Dv5qLUpxcxx9GUxVZE320U0= andy@ubuntukor\n"
            ]
          },
          "replicas": 1
        }
      },
      "type": [
        "object",
        {
          "andy-udacity-cluster-pool1": [
            "object",
            {
              "providerSpec": [
                "object",
                {
                  "cloudProviderSpec": [
                    "object",
                    {
                      "assignPublicIPAddress": "bool",
                      "diskSize": "number",
                      "diskType": "string",
                      "labels": [
                        "object",
                        {
                          "andy-udacity-cluster-workers": "string"
                        }
                      ],
                      "machineType": "string",
                      "network": "string",
                      "preemptible": "bool",
                      "regional": "bool",
                      "subnetwork": "string",
                      "tags": [
                        "tuple",
                        [
                          "string",
                          "string",
                          "string"
                        ]
                      ],
                      "zone": "string"
                    }
                  ],
                  "operatingSystem": "string",
                  "operatingSystemSpec": [
                    "object",
                    {
                      "distUpgradeOnBoot": "bool"
                    }
                  ],
                  "sshPublicKeys": [
                    "tuple",
                    [
                      "string"
                    ]
                  ]
                }
              ],
              "replicas": "number"
            }
          ]
        }
      ]
    }
  },
  "resources": [
    {
      "mode": "managed",
      "type": "google_compute_instance",
      "name": "control_plane",
      "each": "list",
      "provider": "provider.google",
      "instances": []
    },
    {
      "mode": "managed",
      "type": "google_compute_network",
      "name": "network",
      "provider": "provider.google",
      "instances": [
        {
          "schema_version": 0,
          "attributes": {
            "auto_create_subnetworks": false,
            "delete_default_routes_on_create": false,
            "description": "",
            "gateway_ipv4": "",
            "id": "projects/astute-vortex-246508/global/networks/andy-udacity-cluster",
            "ipv4_range": null,
            "name": "andy-udacity-cluster",
            "project": "astute-vortex-246508",
            "routing_mode": "REGIONAL",
            "self_link": "https://www.googleapis.com/compute/v1/projects/astute-vortex-246508/global/networks/andy-udacity-cluster",
            "timeouts": null
          },
          "private": "eyJlMmJmYjczMC1lY2FhLTExZTYtOGY4OC0zNDM2M2JjN2M0YzAiOnsiY3JlYXRlIjoyNDAwMDAwMDAwMDAsImRlbGV0ZSI6MjQwMDAwMDAwMDAwLCJ1cGRhdGUiOjI0MDAwMDAwMDAwMH19"
        }
      ]
    },
    {
      "mode": "managed",
      "type": "google_compute_subnetwork",
      "name": "subnet",
      "provider": "provider.google",
      "instances": [
        {
          "schema_version": 0,
          "attributes": {
            "creation_timestamp": "2020-01-27T05:11:23.355-08:00",
            "description": "",
            "enable_flow_logs": null,
            "fingerprint": null,
            "gateway_address": "10.240.0.1",
            "id": "projects/astute-vortex-246508/regions/europe-west3/subnetworks/andy-udacity-cluster-subnet",
            "ip_cidr_range": "10.240.0.0/24",
            "log_config": [],
            "name": "andy-udacity-cluster-subnet",
            "network": "https://www.googleapis.com/compute/v1/projects/astute-vortex-246508/global/networks/andy-udacity-cluster",
            "private_ip_google_access": false,
            "project": "astute-vortex-246508",
            "region": "europe-west3",
            "secondary_ip_range": [],
            "self_link": "https://www.googleapis.com/compute/v1/projects/astute-vortex-246508/regions/europe-west3/subnetworks/andy-udacity-cluster-subnet",
            "timeouts": null
          }
        }
      ]
    }
  ]
}
